github.com/karalabe/xgo v0.0.0-20191115072854-c5ccff8648a7 h1:AYzjK/SHz6m6mg5iuFwkrAhCc14jvCpW9d6frC9iDPE=
github.com/karalabe/xgo v0.0.0-20191115072854-c5ccff8648a7/go.mod h1:iYGcTYIPUvEWhFo6aKUuLchs+AV4ssYdyuBbQJZGcBk=
github.com/zserge/webview v0.0.0-20191103184548-1a9ebffc2601 h1:64QY2+QvOmOMbcCU3cyn7T+4Af0RehxMfedEwarpV1Y=
github.com/zserge/webview v0.0.0-20191103184548-1a9ebffc2601/go.mod h1:a1CV8KR4Dd1eP2g+mEijGOp+HKczwdKHWyx0aPHKvo4=
